
Microsoft Visual Studio Solution File, Format Version 12.00
# Visual Studio Version 16
VisualStudioVersion = 16.0.29503.13
MinimumVisualStudioVersion = 10.0.40219.1
Project("{2150E333-8FDC-42A3-9474-1A3956D46DE8}") = "EntryPoint", "EntryPoint", "{C2421AEA-2C49-4E07-B86B-BD03B25AC32A}"
EndProject
Project("{9A19103F-16F7-4668-BE54-9A1E7A4F7556}") = "API", "API\API.csproj", "{071F3326-19AE-44AF-8552-B4CF5B294DEA}"
EndProject
Project("{2150E333-8FDC-42A3-9474-1A3956D46DE8}") = "Model", "Model", "{A2774EED-D9F3-46A9-81F1-5412DE5989C4}"
EndProject
Project("{FAE04EC0-301F-11D3-BF4B-00C04F79EFBC}") = "Models", "Models\Models.csproj", "{E16F5DF1-75D9-474D-8CE4-DF5A45EADA08}"
EndProject
Global
	GlobalSection(SolutionConfigurationPlatforms) = preSolution
		Debug|Any CPU = Debug|Any CPU
		Release|Any CPU = Release|Any CPU
	EndGlobalSection
	GlobalSection(ProjectConfigurationPlatforms) = postSolution
		{071F3326-19AE-44AF-8552-B4CF5B294DEA}.Debug|Any CPU.ActiveCfg = Debug|Any CPU
		{071F3326-19AE-44AF-8552-B4CF5B294DEA}.Debug|Any CPU.Build.0 = Debug|Any CPU
		{071F3326-19AE-44AF-8552-B4CF5B294DEA}.Release|Any CPU.ActiveCfg = Release|Any CPU
		{071F3326-19AE-44AF-8552-B4CF5B294DEA}.Release|Any CPU.Build.0 = Release|Any CPU
		{E16F5DF1-75D9-474D-8CE4-DF5A45EADA08}.Debug|Any CPU.ActiveCfg = Debug|Any CPU
		{E16F5DF1-75D9-474D-8CE4-DF5A45EADA08}.Debug|Any CPU.Build.0 = Debug|Any CPU
		{E16F5DF1-75D9-474D-8CE4-DF5A45EADA08}.Release|Any CPU.ActiveCfg = Release|Any CPU
		{E16F5DF1-75D9-474D-8CE4-DF5A45EADA08}.Release|Any CPU.Build.0 = Release|Any CPU
	EndGlobalSection
	GlobalSection(SolutionProperties) = preSolution
		HideSolutionNode = FALSE
	EndGlobalSection
	GlobalSection(NestedProjects) = preSolution
		{071F3326-19AE-44AF-8552-B4CF5B294DEA} = {C2421AEA-2C49-4E07-B86B-BD03B25AC32A}
		{E16F5DF1-75D9-474D-8CE4-DF5A45EADA08} = {A2774EED-D9F3-46A9-81F1-5412DE5989C4}
	EndGlobalSection
	GlobalSection(ExtensibilityGlobals) = postSolution
		SolutionGuid = {8D39E5AC-AA37-43B7-83C4-32151E046A0F}
	EndGlobalSection
EndGlobal
